
Microsoft Visual Studio Solution File, Format Version 12.00
Project("{FAE04EC0-301F-11D3-BF4B-00C04F79EFBC}") = "Monopoly.Api", "Monopoly.Api\Monopoly.Api.csproj", "{3BF068AB-38A7-4F34-9515-431929D01B7A}"
EndProject
Project("{FAE04EC0-301F-11D3-BF4B-00C04F79EFBC}") = "Monopoly.GameLogic", "Monopoly.GameLogic\Monopoly.GameLogic.csproj", "{56FCAC9B-021E-429E-9340-348EAFA84F7A}"
EndProject
Project("{FAE04EC0-301F-11D3-BF4B-00C04F79EFBC}") = "Monopoly.GameManagement", "Monopoly.GameManagement\Monopoly.GameManagement.csproj", "{6756B71B-05A0-4AC0-BCD3-D7A8E0BFFA20}"
EndProject
Global
	GlobalSection(SolutionConfigurationPlatforms) = preSolution
		Debug|Any CPU = Debug|Any CPU
		Release|Any CPU = Release|Any CPU
	EndGlobalSection
	GlobalSection(ProjectConfigurationPlatforms) = postSolution
		{3BF068AB-38A7-4F34-9515-431929D01B7A}.Debug|Any CPU.ActiveCfg = Debug|Any CPU
		{3BF068AB-38A7-4F34-9515-431929D01B7A}.Debug|Any CPU.Build.0 = Debug|Any CPU
		{3BF068AB-38A7-4F34-9515-431929D01B7A}.Release|Any CPU.ActiveCfg = Release|Any CPU
		{3BF068AB-38A7-4F34-9515-431929D01B7A}.Release|Any CPU.Build.0 = Release|Any CPU
		{56FCAC9B-021E-429E-9340-348EAFA84F7A}.Debug|Any CPU.ActiveCfg = Debug|Any CPU
		{56FCAC9B-021E-429E-9340-348EAFA84F7A}.Debug|Any CPU.Build.0 = Debug|Any CPU
		{56FCAC9B-021E-429E-9340-348EAFA84F7A}.Release|Any CPU.ActiveCfg = Release|Any CPU
		{56FCAC9B-021E-429E-9340-348EAFA84F7A}.Release|Any CPU.Build.0 = Release|Any CPU
		{6756B71B-05A0-4AC0-BCD3-D7A8E0BFFA20}.Debug|Any CPU.ActiveCfg = Debug|Any CPU
		{6756B71B-05A0-4AC0-BCD3-D7A8E0BFFA20}.Debug|Any CPU.Build.0 = Debug|Any CPU
		{6756B71B-05A0-4AC0-BCD3-D7A8E0BFFA20}.Release|Any CPU.ActiveCfg = Release|Any CPU
		{6756B71B-05A0-4AC0-BCD3-D7A8E0BFFA20}.Release|Any CPU.Build.0 = Release|Any CPU
	EndGlobalSection
EndGlobal
